<?xml version="1.0" encoding="utf-8"?>
<Project ToolsVersion="4.0" xmlns="http://schemas.microsoft.com/developer/msbuild/2003">
  <ItemGroup>
    <Filter Include="源文件">
      <UniqueIdentifier>{4FC737F1-C7A5-4376-A066-2A32D752A2FF}</UniqueIdentifier>
      <Extensions>cpp;c;cc;cxx;c++;cppm;ixx;def;odl;idl;hpj;bat;asm;asmx</Extensions>
    </Filter>
    <Filter Include="头文件">
      <UniqueIdentifier>{93995380-89BD-4b04-88EB-625FBE52EBFB}</UniqueIdentifier>
      <Extensions>h;hh;hpp;hxx;h++;hm;inl;inc;ipp;xsd</Extensions>
    </Filter>
    <Filter Include="资源文件">
      <UniqueIdentifier>{67DA6AB6-F800-4c08-8B7A-83BB121AAD01}</UniqueIdentifier>
      <Extensions>rc;ico;cur;bmp;dlg;rc2;rct;bin;rgs;gif;jpg;jpeg;jpe;resx;tiff;tif;png;wav;mfcribbon-ms</Extensions>
    </Filter>
    <Filter Include="Tmp">
      <UniqueIdentifier>{a0f6b912-b195-49f7-9aba-d9e52831a7cd}</UniqueIdentifier>
    </Filter>
    <Filter Include="Common">
      <UniqueIdentifier>{af818599-b444-4be4-ab03-001ba84c8db5}</UniqueIdentifier>
    </Filter>
    <Filter Include="QsvH264">
      <UniqueIdentifier>{d1a1c6dc-8dcc-49dc-9025-02f77c5668b1}</UniqueIdentifier>
    </Filter>
  </ItemGroup>
  <ItemGroup>
    <ClInclude Include="DXGICapture.h">
      <Filter>Tmp</Filter>
    </ClInclude>
    <ClInclude Include="ConvertScale.h">
      <Filter>Common</Filter>
    </ClInclude>
    <ClInclude Include="QsvH264Encoder.h">
      <Filter>QsvH264</Filter>
    </ClInclude>
  </ItemGroup>
  <ItemGroup>
    <ClCompile Include="main.cpp">
      <Filter>源文件</Filter>
    </ClCompile>
    <ClCompile Include="DXGICapture.cpp">
      <Filter>Tmp</Filter>
    </ClCompile>
    <ClCompile Include="ConvertScale.cpp">
      <Filter>Common</Filter>
    </ClCompile>
    <ClCompile Include="QsvH264Encoder.cpp">
      <Filter>QsvH264</Filter>
    </ClCompile>
  </ItemGroup>
</Project>